// !$*UTF8*$!
{
	archiveVersion = 1;
	classes = {
	};
	objectVersion = 46;
	objects = {

/* Begin PBXBuildFile section */
		F2F73F901AE14142003369B7 /* main.m in Sources */ = {isa = PBXBuildFile; fileRef = F2F73F8F1AE14142003369B7 /* main.m */; };
		F2F73F931AE14142003369B7 /* AppDelegate.m in Sources */ = {isa = PBXBuildFile; fileRef = F2F73F921AE14142003369B7 /* AppDelegate.m */; };
		F2F73F961AE14142003369B7 /* ViewController.m in Sources */ = {isa = PBXBuildFile; fileRef = F2F73F951AE14142003369B7 /* ViewController.m */; };
		F2F73F991AE14142003369B7 /* Main.storyboard in Resources */ = {isa = PBXBuildFile; fileRef = F2F73F971AE14142003369B7 /* Main.storyboard */; };
		F2F73F9B1AE14142003369B7 /* Images.xcassets in Resources */ = {isa = PBXBuildFile; fileRef = F2F73F9A1AE14142003369B7 /* Images.xcassets */; };
		F2F73F9E1AE14142003369B7 /* LaunchScreen.xib in Resources */ = {isa = PBXBuildFile; fileRef = F2F73F9C1AE14142003369B7 /* LaunchScreen.xib */; };
		F2F73FAA1AE14142003369B7 /* testReviewTests.m in Sources */ = {isa = PBXBuildFile; fileRef = F2F73FA91AE14142003369B7 /* testReviewTests.m */; };
/* End PBXBuildFile section */

/* Begin PBXContainerItemProxy section */
		F2F73FA41AE14142003369B7 /* PBXContainerItemProxy */ = {
			isa = PBXContainerItemProxy;
			containerPortal = F2F73F821AE14142003369B7 /* Project object */;
			proxyType = 1;
			remoteGlobalIDString = F2F73F891AE14142003369B7;
			remoteInfo = testReview;
		};
/* End PBXContainerItemProxy section */

/* Begin PBXFileReference section */
		F2F73F8A1AE14142003369B7 /* testReview.app */ = {isa = PBXFileReference; explicitFileType = wrapper.application; includeInIndex = 0; path = testReview.app; sourceTree = BUILT_PRODUCTS_DIR; };
		F2F73F8E1AE14142003369B7 /* Info.plist */ = {isa = PBXFileReference; lastKnownFileType = text.plist.xml; path = Info.plist; sourceTree = "<group>"; };
		F2F73F8F1AE14142003369B7 /* main.m */ = {isa = PBXFileReference; lastKnownFileType = sourcecode.c.objc; path = main.m; sourceTree = "<group>"; };
		F2F73F911AE14142003369B7 /* AppDelegate.h */ = {isa = PBXFileReference; lastKnownFileType = sourcecode.c.h; path = AppDelegate.h; sourceTree = "<group>"; };
		F2F73F921AE14142003369B7 /* AppDelegate.m */ = {isa = PBXFileReference; lastKnownFileType = sourcecode.c.objc; path = AppDelegate.m; sourceTree = "<group>"; };
		F2F73F941AE14142003369B7 /* ViewController.h */ = {isa = PBXFileReference; lastKnownFileType = sourcecode.c.h; path = ViewController.h; sourceTree = "<group>"; };
		F2F73F951AE14142003369B7 /* ViewController.m */ = {isa = PBXFileReference; lastKnownFileType = sourcecode.c.objc; path = ViewController.m; sourceTree = "<group>"; };
		F2F73F981AE14142003369B7 /* Base */ = {isa = PBXFileReference; lastKnownFileType = file.storyboard; name = Base; path = Base.lproj/Main.storyboard; sourceTree = "<group>"; };
		F2F73F9A1AE14142003369B7 /* Images.xcassets */ = {isa = PBXFileReference; lastKnownFileType = folder.assetcatalog; path = Images.xcassets; sourceTree = "<group>"; };
		F2F73F9D1AE14142003369B7 /* Base */ = {isa = PBXFileReference; lastKnownFileType = file.xib; name = Base; path = Base.lproj/LaunchScreen.xib; sourceTree = "<group>"; };
		F2F73FA31AE14142003369B7 /* testReviewTests.xctest */ = {isa = PBXFileReference; explicitFileType = wrapper.cfbundle; includeInIndex = 0; path = testReviewTests.xctest; sourceTree = BUILT_PRODUCTS_DIR; };
		F2F73FA81AE14142003369B7 /* Info.plist */ = {isa = PBXFileReference; lastKnownFileType = text.plist.xml; path = Info.plist; sourceTree = "<group>"; };
		F2F73FA91AE14142003369B7 /* testReviewTests.m */ = {isa = PBXFileReference; lastKnownFileType = sourcecode.c.objc; path = testReviewTests.m; sourceTree = "<group>"; };
/* End PBXFileReference section */

/* Begin PBXFrameworksBuildPhase section */
		F2F73F871AE14142003369B7 /* Frameworks */ = {
			isa = PBXFrameworksBuildPhase;
			buildActionMask = 2147483647;
			files = (
			);
			runOnlyForDeploymentPostprocessing = 0;
		};
		F2F73FA01AE14142003369B7 /* Frameworks */ = {
			isa = PBXFrameworksBuildPhase;
			buildActionMask = 2147483647;
			files = (
			);
			runOnlyForDeploymentPostprocessing = 0;
		};
/* End PBXFrameworksBuildPhase section */

/* Begin PBXGroup section */
		F2F73F811AE14142003369B7 = {
			isa = PBXGroup;
			children = (
				F2F73F8C1AE14142003369B7 /* testReview */,
				F2F73FA61AE14142003369B7 /* testReviewTests */,
				F2F73F8B1AE14142003369B7 /* Products */,
			);
			sourceTree = "<group>";
		};
		F2F73F8B1AE14142003369B7 /* Products */ = {
			isa = PBXGroup;
			children = (
				F2F73F8A1AE14142003369B7 /* testReview.app */,
				F2F73FA31AE14142003369B7 /* testReviewTests.xctest */,
			);
			name = Products;
			sourceTree = "<group>";
		};
		F2F73F8C1AE14142003369B7 /* testReview */ = {
			isa = PBXGroup;
			children = (
				F2F73F911AE14142003369B7 /* AppDelegate.h */,
				F2F73F921AE14142003369B7 /* AppDelegate.m */,
				F2F73F941AE14142003369B7 /* ViewController.h */,
				F2F73F951AE14142003369B7 /* ViewController.m */,
				F2F73F971AE14142003369B7 /* Main.storyboard */,
				F2F73F9A1AE14142003369B7 /* Images.xcassets */,
				F2F73F9C1AE14142003369B7 /* LaunchScreen.xib */,
				F2F73F8D1AE14142003369B7 /* Supporting Files */,
			);
			path = testReview;
			sourceTree = "<group>";
		};
		F2F73F8D1AE14142003369B7 /* Supporting Files */ = {
			isa = PBXGroup;
			children = (
				F2F73F8E1AE14142003369B7 /* Info.plist */,
				F2F73F8F1AE14142003369B7 /* main.m */,
			);
			name = "Supporting Files";
			sourceTree = "<group>";
		};
		F2F73FA61AE14142003369B7 /* testReviewTests */ = {
			isa = PBXGroup;
			children = (
				F2F73FA91AE14142003369B7 /* testReviewTests.m */,
				F2F73FA71AE14142003369B7 /* Supporting Files */,
			);
			path = testReviewTests;
			sourceTree = "<group>";
		};
		F2F73FA71AE14142003369B7 /* Supporting Files */ = {
			isa = PBXGroup;
			children = (
				F2F73FA81AE14142003369B7 /* Info.plist */,
			);
			name = "Supporting Files";
			sourceTree = "<group>";
		};
/* End PBXGroup section */

/* Begin PBXNativeTarget section */
		F2F73F891AE14142003369B7 /* testReview */ = {
			isa = PBXNativeTarget;
			buildConfigurationList = F2F73FAD1AE14142003369B7 /* Build configuration list for PBXNativeTarget "testReview" */;
			buildPhases = (
				F2F73F861AE14142003369B7 /* Sources */,
				F2F73F871AE14142003369B7 /* Frameworks */,
				F2F73F881AE14142003369B7 /* Resources */,
			);
			buildRules = (
			);
			dependencies = (
			);
			name = testReview;
			productName = testReview;
			productReference = F2F73F8A1AE14142003369B7 /* testReview.app */;
			productType = "com.apple.product-type.application";
		};
		F2F73FA21AE14142003369B7 /* testReviewTests */ = {
			isa = PBXNativeTarget;
			buildConfigurationList = F2F73FB01AE14142003369B7 /* Build configuration list for PBXNativeTarget "testReviewTests" */;
			buildPhases = (
				F2F73F9F1AE14142003369B7 /* Sources */,
				F2F73FA01AE14142003369B7 /* Frameworks */,
				F2F73FA11AE14142003369B7 /* Resources */,
			);
			buildRules = (
			);
			dependencies = (
				F2F73FA51AE14142003369B7 /* PBXTargetDependency */,
			);
			name = testReviewTests;
			productName = testReviewTests;
			productReference = F2F73FA31AE14142003369B7 /* testReviewTests.xctest */;
			productType = "com.apple.product-type.bundle.unit-test";
		};
/* End PBXNativeTarget section */

/* Begin PBXProject section */
		F2F73F821AE14142003369B7 /* Project object */ = {
			isa = PBXProject;
			attributes = {
				LastUpgradeCheck = 0630;
				ORGANIZATIONNAME = octabrain;
				TargetAttributes = {
					F2F73F891AE14142003369B7 = {
						CreatedOnToolsVersion = 6.3;
					};
					F2F73FA21AE14142003369B7 = {
						CreatedOnToolsVersion = 6.3;
						TestTargetID = F2F73F891AE14142003369B7;
					};
				};
			};
			buildConfigurationList = F2F73F851AE14142003369B7 /* Build configuration list for PBXProject "testReview" */;
			compatibilityVersion = "Xcode 3.2";
			developmentRegion = English;
			hasScannedForEncodings = 0;
			knownRegions = (
				en,
				Base,
			);
			mainGroup = F2F73F811AE14142003369B7;
			productRefGroup = F2F73F8B1AE14142003369B7 /* Products */;
			projectDirPath = "";
			projectRoot = "";
			targets = (
				F2F73F891AE14142003369B7 /* testReview */,
				F2F73FA21AE14142003369B7 /* testReviewTests */,
			);
		};
/* End PBXProject section */

/* Begin PBXResourcesBuildPhase section */
		F2F73F881AE14142003369B7 /* Resources */ = {
			isa = PBXResourcesBuildPhase;
			buildActionMask = 2147483647;
			files = (
				F2F73F991AE14142003369B7 /* Main.storyboard in Resources */,
				F2F73F9E1AE14142003369B7 /* LaunchScreen.xib in Resources */,
				F2F73F9B1AE14142003369B7 /* Images.xcassets in Resources */,
			);
			runOnlyForDeploymentPostprocessing = 0;
		};
		F2F73FA11AE14142003369B7 /* Resources */ = {
			isa = PBXResourcesBuildPhase;
			buildActionMask = 2147483647;
			files = (
			);
			runOnlyForDeploymentPostprocessing = 0;
		};
/* End PBXResourcesBuildPhase section */

/* Begin PBXSourcesBuildPhase section */
		F2F73F861AE14142003369B7 /* Sources */ = {
			isa = PBXSourcesBuildPhase;
			buildActionMask = 2147483647;
			files = (
				F2F73F961AE14142003369B7 /* ViewController.m in Sources */,
				F2F73F931AE14142003369B7 /* AppDelegate.m in Sources */,
				F2F73F901AE14142003369B7 /* main.m in Sources */,
			);
			runOnlyForDeploymentPostprocessing = 0;
		};
		F2F73F9F1AE14142003369B7 /* Sources */ = {
			isa = PBXSourcesBuildPhase;
			buildActionMask = 2147483647;
			files = (
				F2F73FAA1AE14142003369B7 /* testReviewTests.m in Sources */,
			);
			runOnlyForDeploymentPostprocessing = 0;
		};
/* End PBXSourcesBuildPhase section */

/* Begin PBXTargetDependency section */
		F2F73FA51AE14142003369B7 /* PBXTargetDependency */ = {
			isa = PBXTargetDependency;
			target = F2F73F891AE14142003369B7 /* testReview */;
			targetProxy = F2F73FA41AE14142003369B7 /* PBXContainerItemProxy */;
		};
/* End PBXTargetDependency section */

/* Begin PBXVariantGroup section */
		F2F73F971AE14142003369B7 /* Main.storyboard */ = {
			isa = PBXVariantGroup;
			children = (
				F2F73F981AE14142003369B7 /* Base */,
			);
			name = Main.storyboard;
			sourceTree = "<group>";
		};
		F2F73F9C1AE14142003369B7 /* LaunchScreen.xib */ = {
			isa = PBXVariantGroup;
			children = (
				F2F73F9D1AE14142003369B7 /* Base */,
			);
			name = LaunchScreen.xib;
			sourceTree = "<group>";
		};
/* End PBXVariantGroup section */

/* Begin XCBuildConfiguration section */
		F2F73FAB1AE14142003369B7 /* Debug */ = {
			isa = XCBuildConfiguration;
			buildSettings = {
				ALWAYS_SEARCH_USER_PATHS = NO;
				CLANG_CXX_LANGUAGE_STANDARD = "gnu++0x";
				CLANG_CXX_LIBRARY = "libc++";
				CLANG_ENABLE_MODULES = YES;
				CLANG_ENABLE_OBJC_ARC = YES;
				CLANG_WARN_BOOL_CONVERSION = YES;
				CLANG_WARN_CONSTANT_CONVERSION = YES;
				CLANG_WARN_DIRECT_OBJC_ISA_USAGE = YES_ERROR;
				CLANG_WARN_EMPTY_BODY = YES;
				CLANG_WARN_ENUM_CONVERSION = YES;
				CLANG_WARN_INT_CONVERSION = YES;
				CLANG_WARN_OBJC_ROOT_CLASS = YES_ERROR;
				CLANG_WARN_UNREACHABLE_CODE = YES;
				CLANG_WARN__DUPLICATE_METHOD_MATCH = YES;
				"CODE_SIGN_IDENTITY[sdk=iphoneos*]" = "iPhone Developer";
				COPY_PHASE_STRIP = NO;
				DEBUG_INFORMATION_FORMAT = "dwarf-with-dsym";
				ENABLE_STRICT_OBJC_MSGSEND = YES;
				GCC_C_LANGUAGE_STANDARD = gnu99;
				GCC_DYNAMIC_NO_PIC = NO;
				GCC_NO_COMMON_BLOCKS = YES;
				GCC_OPTIMIZATION_LEVEL = 0;
				GCC_PREPROCESSOR_DEFINITIONS = (
					"DEBUG=1",
					"$(inherited)",
				);
				GCC_SYMBOLS_PRIVATE_EXTERN = NO;
				GCC_WARN_64_TO_32_BIT_CONVERSION = YES;
				GCC_WARN_ABOUT_RETURN_TYPE = YES_ERROR;
				GCC_WARN_UNDECLARED_SELECTOR = YES;
				GCC_WARN_UNINITIALIZED_AUTOS = YES_AGGRESSIVE;
				GCC_WARN_UNUSED_FUNCTION = YES;
				GCC_WARN_UNUSED_VARIABLE = YES;
				IPHONEOS_DEPLOYMENT_TARGET = 8.3;
				MTL_ENABLE_DEBUG_INFO = YES;
				ONLY_ACTIVE_ARCH = YES;
				SDKROOT = iphoneos;
			};
			name = Debug;
		};
		F2F73FAC1AE14142003369B7 /* Release */ = {
			isa = XCBuildConfiguration;
			buildSettings = {
				ALWAYS_SEARCH_USER_PATHS = NO;
				CLANG_CXX_LANGUAGE_STANDARD = "gnu++0x";
				CLANG_CXX_LIBRARY = "libc++";
				CLANG_ENABLE_MODULES = YES;
				CLANG_ENABLE_OBJC_ARC = YES;
				CLANG_WARN_BOOL_CONVERSION = YES;
				CLANG_WARN_CONSTANT_CONVERSION = YES;
				CLANG_WARN_DIRECT_OBJC_ISA_USAGE = YES_ERROR;
				CLANG_WARN_EMPTY_BODY = YES;
				CLANG_WARN_ENUM_CONVERSION = YES;
				CLANG_WARN_INT_CONVERSION = YES;
				CLANG_WARN_OBJC_ROOT_CLASS = YES_ERROR;
				CLANG_WARN_UNREACHABLE_CODE = YES;
				CLANG_WARN__DUPLICATE_METHOD_MATCH = YES;
				"CODE_SIGN_IDENTITY[sdk=iphoneos*]" = "iPhone Developer";
				COPY_PHASE_STRIP = NO;
				DEBUG_INFORMATION_FORMAT = "dwarf-with-dsym";
				ENABLE_NS_ASSERTIONS = NO;
				ENABLE_STRICT_OBJC_MSGSEND = YES;
				GCC_C_LANGUAGE_STANDARD = gnu99;
				GCC_NO_COMMON_BLOCKS = YES;
				GCC_WARN_64_TO_32_BIT_CONVERSION = YES;
				GCC_WARN_ABOUT_RETURN_TYPE = YES_ERROR;
				GCC_WARN_UNDECLARED_SELECTOR = YES;
				GCC_WARN_UNINITIALIZED_AUTOS = YES_AGGRESSIVE;
				GCC_WARN_UNUSED_FUNCTION = YES;
				GCC_WARN_UNUSED_VARIABLE = YES;
				IPHONEOS_DEPLOYMENT_TARGET = 8.3;
				MTL_ENABLE_DEBUG_INFO = NO;
				SDKROOT = iphoneos;
				VALIDATE_PRODUCT = YES;
			};
			name = Release;
		};
		F2F73FAE1AE14142003369B7 /* Debug */ = {
			isa = XCBuildConfiguration;
			buildSettings = {
				ASSETCATALOG_COMPILER_APPICON_NAME = AppIcon;
				INFOPLIST_FILE = testReview/Info.plist;
				LD_RUNPATH_SEARCH_PATHS = "$(inherited) @executable_path/Frameworks";
				PRODUCT_NAME = "$(TARGET_NAME)";
			};
			name = Debug;
		};
		F2F73FAF1AE14142003369B7 /* Release */ = {
			isa = XCBuildConfiguration;
			buildSettings = {
				ASSETCATALOG_COMPILER_APPICON_NAME = AppIcon;
				INFOPLIST_FILE = testReview/Info.plist;
				LD_RUNPATH_SEARCH_PATHS = "$(inherited) @executable_path/Frameworks";
				PRODUCT_NAME = "$(TARGET_NAME)";
			};
			name = Release;
		};
		F2F73FB11AE14142003369B7 /* Debug */ = {
			isa = XCBuildConfiguration;
			buildSettings = {
				BUNDLE_LOADER = "$(TEST_HOST)";
				FRAMEWORK_SEARCH_PATHS = (
					"$(SDKROOT)/Developer/Library/Frameworks",
					"$(inherited)",
				);
				GCC_PREPROCESSOR_DEFINITIONS = (
					"DEBUG=1",
					"$(inherited)",
				);
				INFOPLIST_FILE = testReviewTests/Info.plist;
				LD_RUNPATH_SEARCH_PATHS = "$(inherited) @executable_path/Frameworks @loader_path/Frameworks";
				PRODUCT_NAME = "$(TARGET_NAME)";
				TEST_HOST = "$(BUILT_PRODUCTS_DIR)/testReview.app/testReview";
			};
			name = Debug;
		};
		F2F73FB21AE14142003369B7 /* Release */ = {
			isa = XCBuildConfiguration;
			buildSettings = {
				BUNDLE_LOADER = "$(TEST_HOST)";
				FRAMEWORK_SEARCH_PATHS = (
					"$(SDKROOT)/Developer/Library/Frameworks",
					"$(inherited)",
				);
				INFOPLIST_FILE = testReviewTests/Info.plist;
				LD_RUNPATH_SEARCH_PATHS = "$(inherited) @executable_path/Frameworks @loader_path/Frameworks";
				PRODUCT_NAME = "$(TARGET_NAME)";
				TEST_HOST = "$(BUILT_PRODUCTS_DIR)/testReview.app/testReview";
			};
			name = Release;
		};
/* End XCBuildConfiguration section */

/* Begin XCConfigurationList section */
		F2F73F851AE14142003369B7 /* Build configuration list for PBXProject "testReview" */ = {
			isa = XCConfigurationList;
			buildConfigurations = (
				F2F73FAB1AE14142003369B7 /* Debug */,
				F2F73FAC1AE14142003369B7 /* Release */,
			);
			defaultConfigurationIsVisible = 0;
			defaultConfigurationName = Release;
		};
		F2F73FAD1AE14142003369B7 /* Build configuration list for PBXNativeTarget "testReview" */ = {
			isa = XCConfigurationList;
			buildConfigurations = (
				F2F73FAE1AE14142003369B7 /* Debug */,
				F2F73FAF1AE14142003369B7 /* Release */,
			);
			defaultConfigurationIsVisible = 0;
		};
		F2F73FB01AE14142003369B7 /* Build configuration list for PBXNativeTarget "testReviewTests" */ = {
			isa = XCConfigurationList;
			buildConfigurations = (
				F2F73FB11AE14142003369B7 /* Debug */,
				F2F73FB21AE14142003369B7 /* Release */,
			);
			defaultConfigurationIsVisible = 0;
		};
/* End XCConfigurationList section */
	};
	rootObject = F2F73F821AE14142003369B7 /* Project object */;
}
